
Microsoft Visual Studio Solution File, Format Version 12.00
# Visual Studio Version 17
VisualStudioVersion = 17.4.33213.308
MinimumVisualStudioVersion = 10.0.40219.1
Project("{FAE04EC0-301F-11D3-BF4B-00C04F79EFBC}") = "JwtWebApiDotNet7", "JwtWebApiDotNet7\JwtWebApiDotNet7.csproj", "{BCC9E738-AE44-4D90-9B3E-0C4DA18EC903}"
EndProject
Global
	GlobalSection(SolutionConfigurationPlatforms) = preSolution
		Debug|Any CPU = Debug|Any CPU
		Release|Any CPU = Release|Any CPU
	EndGlobalSection
	GlobalSection(ProjectConfigurationPlatforms) = postSolution
		{BCC9E738-AE44-4D90-9B3E-0C4DA18EC903}.Debug|Any CPU.ActiveCfg = Debug|Any CPU
		{BCC9E738-AE44-4D90-9B3E-0C4DA18EC903}.Debug|Any CPU.Build.0 = Debug|Any CPU
		{BCC9E738-AE44-4D90-9B3E-0C4DA18EC903}.Release|Any CPU.ActiveCfg = Release|Any CPU
		{BCC9E738-AE44-4D90-9B3E-0C4DA18EC903}.Release|Any CPU.Build.0 = Release|Any CPU
	EndGlobalSection
	GlobalSection(SolutionProperties) = preSolution
		HideSolutionNode = FALSE
	EndGlobalSection
	GlobalSection(ExtensibilityGlobals) = postSolution
		SolutionGuid = {A376933E-DEBE-40E9-897C-BA764E8ACCEB}
	EndGlobalSection
EndGlobal
